{
  "name": "openworldfprpg",
  "lockfileVersion": 3,
  "requires": true,
  "packages": {
    "": {
      "name": "openworldfprpg",
      "devDependencies": {
        "eslint": "^9.39.2"
      }
    },
    "node_modules/eslint": {
      "version": "9.39.2",
      "dev": true,
      "license": "MIT",
      "bin": {
        "eslint": "bin/eslint.js"
      }
    }
  },
  "dependencies": {
    "eslint": {
      "version": "9.39.2",
      "dev": true
    }
  }
}
